
Microsoft Visual Studio Solution File, Format Version 12.00
# Visual Studio Version 17
VisualStudioVersion = 17.6.33815.320
MinimumVisualStudioVersion = 10.0.40219.1
Project("{8BC9CEB8-8B4A-11D0-8D11-00A0C91BC942}") = "C++Converter", "C++Converter\C++Converter.vcxproj", "{42CD5303-0FFB-4530-8C58-266E0054C18B}"
EndProject
Project("{8BC9CEB8-8B4A-11D0-8D11-00A0C91BC942}") = "2DVoxelGame-Client-Desktop", "2DVoxelGame-Client-Desktop\2DVoxelGame-Client-Desktop.vcxproj", "{4065C072-8B05-4EF4-8CE4-2224B2169388}"
EndProject
Project("{9092AA53-FB77-4645-B42D-1CCCA6BD08BD}") = "2DVoxelGame-Server-Client-Web", "2DVoxelGame-Server-Client-Web\2DVoxelGame-Server-Client-Web.njsproj", "{73F6F9AC-01A8-4B12-839E-D68C6A4ABE30}"
EndProject
Project("{9092AA53-FB77-4645-B42D-1CCCA6BD08BD}") = "3DVoxelGame-Server-Client-Web", "3DVoxelGame-Server-Client-Web\3DVoxelGame-Server-Client-Web.njsproj", "{CBC11692-6859-4BD5-AB2E-1E531D00AA3E}"
EndProject
Project("{8BC9CEB8-8B4A-11D0-8D11-00A0C91BC942}") = "Nes Emulator", "Nes Emulator\Nes Emulator.vcxproj", "{21D4C7F9-AEF3-45EF-AD3C-F68A55354A6F}"
EndProject
Project("{8BC9CEB8-8B4A-11D0-8D11-00A0C91BC942}") = "RougeLike-Client", "RougeLike-Client\RougeLike-Client.vcxproj", "{E375C0D1-5D6E-4026-A47C-C58A939D2442}"
EndProject
Project("{8BC9CEB8-8B4A-11D0-8D11-00A0C91BC942}") = "RougeLike-Server", "RougeLike-Server\RougeLike-Server.vcxproj", "{D00FCFE1-C87F-4354-95BB-4D3A9DE2CECF}"
EndProject
Project("{8BC9CEB8-8B4A-11D0-8D11-00A0C91BC942}") = "VoxelGame-Client", "VoxelGame-Client\VoxelGame-Client.vcxproj", "{A3A3F792-1B92-4041-99E0-F756EFE4C78D}"
EndProject
Global
	GlobalSection(SolutionConfigurationPlatforms) = preSolution
		Debug|Any CPU = Debug|Any CPU
		Debug|x64 = Debug|x64
		Debug|x86 = Debug|x86
		Release|Any CPU = Release|Any CPU
		Release|x64 = Release|x64
		Release|x86 = Release|x86
	EndGlobalSection
	GlobalSection(ProjectConfigurationPlatforms) = postSolution
		{42CD5303-0FFB-4530-8C58-266E0054C18B}.Debug|Any CPU.ActiveCfg = Debug|x64
		{42CD5303-0FFB-4530-8C58-266E0054C18B}.Debug|Any CPU.Build.0 = Debug|x64
		{42CD5303-0FFB-4530-8C58-266E0054C18B}.Debug|x64.ActiveCfg = Debug|x64
		{42CD5303-0FFB-4530-8C58-266E0054C18B}.Debug|x64.Build.0 = Debug|x64
		{42CD5303-0FFB-4530-8C58-266E0054C18B}.Debug|x86.ActiveCfg = Debug|Win32
		{42CD5303-0FFB-4530-8C58-266E0054C18B}.Debug|x86.Build.0 = Debug|Win32
		{42CD5303-0FFB-4530-8C58-266E0054C18B}.Release|Any CPU.ActiveCfg = Release|x64
		{42CD5303-0FFB-4530-8C58-266E0054C18B}.Release|Any CPU.Build.0 = Release|x64
		{42CD5303-0FFB-4530-8C58-266E0054C18B}.Release|x64.ActiveCfg = Release|x64
		{42CD5303-0FFB-4530-8C58-266E0054C18B}.Release|x64.Build.0 = Release|x64
		{42CD5303-0FFB-4530-8C58-266E0054C18B}.Release|x86.ActiveCfg = Release|Win32
		{42CD5303-0FFB-4530-8C58-266E0054C18B}.Release|x86.Build.0 = Release|Win32
		{4065C072-8B05-4EF4-8CE4-2224B2169388}.Debug|Any CPU.ActiveCfg = Debug|x64
		{4065C072-8B05-4EF4-8CE4-2224B2169388}.Debug|Any CPU.Build.0 = Debug|x64
		{4065C072-8B05-4EF4-8CE4-2224B2169388}.Debug|x64.ActiveCfg = Debug|x64
		{4065C072-8B05-4EF4-8CE4-2224B2169388}.Debug|x64.Build.0 = Debug|x64
		{4065C072-8B05-4EF4-8CE4-2224B2169388}.Debug|x86.ActiveCfg = Debug|Win32
		{4065C072-8B05-4EF4-8CE4-2224B2169388}.Debug|x86.Build.0 = Debug|Win32
		{4065C072-8B05-4EF4-8CE4-2224B2169388}.Release|Any CPU.ActiveCfg = Release|x64
		{4065C072-8B05-4EF4-8CE4-2224B2169388}.Release|Any CPU.Build.0 = Release|x64
		{4065C072-8B05-4EF4-8CE4-2224B2169388}.Release|x64.ActiveCfg = Release|x64
		{4065C072-8B05-4EF4-8CE4-2224B2169388}.Release|x64.Build.0 = Release|x64
		{4065C072-8B05-4EF4-8CE4-2224B2169388}.Release|x86.ActiveCfg = Release|Win32
		{4065C072-8B05-4EF4-8CE4-2224B2169388}.Release|x86.Build.0 = Release|Win32
		{73F6F9AC-01A8-4B12-839E-D68C6A4ABE30}.Debug|Any CPU.ActiveCfg = Debug|Any CPU
		{73F6F9AC-01A8-4B12-839E-D68C6A4ABE30}.Debug|Any CPU.Build.0 = Debug|Any CPU
		{73F6F9AC-01A8-4B12-839E-D68C6A4ABE30}.Debug|x64.ActiveCfg = Debug|Any CPU
		{73F6F9AC-01A8-4B12-839E-D68C6A4ABE30}.Debug|x64.Build.0 = Debug|Any CPU
		{73F6F9AC-01A8-4B12-839E-D68C6A4ABE30}.Debug|x86.ActiveCfg = Debug|Any CPU
		{73F6F9AC-01A8-4B12-839E-D68C6A4ABE30}.Debug|x86.Build.0 = Debug|Any CPU
		{73F6F9AC-01A8-4B12-839E-D68C6A4ABE30}.Release|Any CPU.ActiveCfg = Release|Any CPU
		{73F6F9AC-01A8-4B12-839E-D68C6A4ABE30}.Release|Any CPU.Build.0 = Release|Any CPU
		{73F6F9AC-01A8-4B12-839E-D68C6A4ABE30}.Release|x64.ActiveCfg = Release|Any CPU
		{73F6F9AC-01A8-4B12-839E-D68C6A4ABE30}.Release|x64.Build.0 = Release|Any CPU
		{73F6F9AC-01A8-4B12-839E-D68C6A4ABE30}.Release|x86.ActiveCfg = Release|Any CPU
		{73F6F9AC-01A8-4B12-839E-D68C6A4ABE30}.Release|x86.Build.0 = Release|Any CPU
		{CBC11692-6859-4BD5-AB2E-1E531D00AA3E}.Debug|Any CPU.ActiveCfg = Debug|Any CPU
		{CBC11692-6859-4BD5-AB2E-1E531D00AA3E}.Debug|Any CPU.Build.0 = Debug|Any CPU
		{CBC11692-6859-4BD5-AB2E-1E531D00AA3E}.Debug|x64.ActiveCfg = Debug|Any CPU
		{CBC11692-6859-4BD5-AB2E-1E531D00AA3E}.Debug|x64.Build.0 = Debug|Any CPU
		{CBC11692-6859-4BD5-AB2E-1E531D00AA3E}.Debug|x86.ActiveCfg = Debug|Any CPU
		{CBC11692-6859-4BD5-AB2E-1E531D00AA3E}.Debug|x86.Build.0 = Debug|Any CPU
		{CBC11692-6859-4BD5-AB2E-1E531D00AA3E}.Release|Any CPU.ActiveCfg = Release|Any CPU
		{CBC11692-6859-4BD5-AB2E-1E531D00AA3E}.Release|Any CPU.Build.0 = Release|Any CPU
		{CBC11692-6859-4BD5-AB2E-1E531D00AA3E}.Release|x64.ActiveCfg = Release|Any CPU
		{CBC11692-6859-4BD5-AB2E-1E531D00AA3E}.Release|x64.Build.0 = Release|Any CPU
		{CBC11692-6859-4BD5-AB2E-1E531D00AA3E}.Release|x86.ActiveCfg = Release|Any CPU
		{CBC11692-6859-4BD5-AB2E-1E531D00AA3E}.Release|x86.Build.0 = Release|Any CPU
		{21D4C7F9-AEF3-45EF-AD3C-F68A55354A6F}.Debug|Any CPU.ActiveCfg = Debug|x64
		{21D4C7F9-AEF3-45EF-AD3C-F68A55354A6F}.Debug|Any CPU.Build.0 = Debug|x64
		{21D4C7F9-AEF3-45EF-AD3C-F68A55354A6F}.Debug|x64.ActiveCfg = Debug|x64
		{21D4C7F9-AEF3-45EF-AD3C-F68A55354A6F}.Debug|x64.Build.0 = Debug|x64
		{21D4C7F9-AEF3-45EF-AD3C-F68A55354A6F}.Debug|x86.ActiveCfg = Debug|Win32
		{21D4C7F9-AEF3-45EF-AD3C-F68A55354A6F}.Debug|x86.Build.0 = Debug|Win32
		{21D4C7F9-AEF3-45EF-AD3C-F68A55354A6F}.Release|Any CPU.ActiveCfg = Release|x64
		{21D4C7F9-AEF3-45EF-AD3C-F68A55354A6F}.Release|Any CPU.Build.0 = Release|x64
		{21D4C7F9-AEF3-45EF-AD3C-F68A55354A6F}.Release|x64.ActiveCfg = Release|x64
		{21D4C7F9-AEF3-45EF-AD3C-F68A55354A6F}.Release|x64.Build.0 = Release|x64
		{21D4C7F9-AEF3-45EF-AD3C-F68A55354A6F}.Release|x86.ActiveCfg = Release|Win32
		{21D4C7F9-AEF3-45EF-AD3C-F68A55354A6F}.Release|x86.Build.0 = Release|Win32
		{E375C0D1-5D6E-4026-A47C-C58A939D2442}.Debug|Any CPU.ActiveCfg = Debug|x64
		{E375C0D1-5D6E-4026-A47C-C58A939D2442}.Debug|Any CPU.Build.0 = Debug|x64
		{E375C0D1-5D6E-4026-A47C-C58A939D2442}.Debug|x64.ActiveCfg = Debug|x64
		{E375C0D1-5D6E-4026-A47C-C58A939D2442}.Debug|x64.Build.0 = Debug|x64
		{E375C0D1-5D6E-4026-A47C-C58A939D2442}.Debug|x86.ActiveCfg = Debug|Win32
		{E375C0D1-5D6E-4026-A47C-C58A939D2442}.Debug|x86.Build.0 = Debug|Win32
		{E375C0D1-5D6E-4026-A47C-C58A939D2442}.Release|Any CPU.ActiveCfg = Release|x64
		{E375C0D1-5D6E-4026-A47C-C58A939D2442}.Release|Any CPU.Build.0 = Release|x64
		{E375C0D1-5D6E-4026-A47C-C58A939D2442}.Release|x64.ActiveCfg = Release|x64
		{E375C0D1-5D6E-4026-A47C-C58A939D2442}.Release|x64.Build.0 = Release|x64
		{E375C0D1-5D6E-4026-A47C-C58A939D2442}.Release|x86.ActiveCfg = Release|Win32
		{E375C0D1-5D6E-4026-A47C-C58A939D2442}.Release|x86.Build.0 = Release|Win32
		{D00FCFE1-C87F-4354-95BB-4D3A9DE2CECF}.Debug|Any CPU.ActiveCfg = Debug|x64
		{D00FCFE1-C87F-4354-95BB-4D3A9DE2CECF}.Debug|Any CPU.Build.0 = Debug|x64
		{D00FCFE1-C87F-4354-95BB-4D3A9DE2CECF}.Debug|x64.ActiveCfg = Debug|x64
		{D00FCFE1-C87F-4354-95BB-4D3A9DE2CECF}.Debug|x64.Build.0 = Debug|x64
		{D00FCFE1-C87F-4354-95BB-4D3A9DE2CECF}.Debug|x86.ActiveCfg = Debug|Win32
		{D00FCFE1-C87F-4354-95BB-4D3A9DE2CECF}.Debug|x86.Build.0 = Debug|Win32
		{D00FCFE1-C87F-4354-95BB-4D3A9DE2CECF}.Release|Any CPU.ActiveCfg = Release|x64
		{D00FCFE1-C87F-4354-95BB-4D3A9DE2CECF}.Release|Any CPU.Build.0 = Release|x64
		{D00FCFE1-C87F-4354-95BB-4D3A9DE2CECF}.Release|x64.ActiveCfg = Release|x64
		{D00FCFE1-C87F-4354-95BB-4D3A9DE2CECF}.Release|x64.Build.0 = Release|x64
		{D00FCFE1-C87F-4354-95BB-4D3A9DE2CECF}.Release|x86.ActiveCfg = Release|Win32
		{D00FCFE1-C87F-4354-95BB-4D3A9DE2CECF}.Release|x86.Build.0 = Release|Win32
		{A3A3F792-1B92-4041-99E0-F756EFE4C78D}.Debug|Any CPU.ActiveCfg = Debug|x64
		{A3A3F792-1B92-4041-99E0-F756EFE4C78D}.Debug|Any CPU.Build.0 = Debug|x64
		{A3A3F792-1B92-4041-99E0-F756EFE4C78D}.Debug|x64.ActiveCfg = Debug|x64
		{A3A3F792-1B92-4041-99E0-F756EFE4C78D}.Debug|x64.Build.0 = Debug|x64
		{A3A3F792-1B92-4041-99E0-F756EFE4C78D}.Debug|x86.ActiveCfg = Debug|Win32
		{A3A3F792-1B92-4041-99E0-F756EFE4C78D}.Debug|x86.Build.0 = Debug|Win32
		{A3A3F792-1B92-4041-99E0-F756EFE4C78D}.Release|Any CPU.ActiveCfg = Release|x64
		{A3A3F792-1B92-4041-99E0-F756EFE4C78D}.Release|Any CPU.Build.0 = Release|x64
		{A3A3F792-1B92-4041-99E0-F756EFE4C78D}.Release|x64.ActiveCfg = Release|x64
		{A3A3F792-1B92-4041-99E0-F756EFE4C78D}.Release|x64.Build.0 = Release|x64
		{A3A3F792-1B92-4041-99E0-F756EFE4C78D}.Release|x86.ActiveCfg = Release|Win32
		{A3A3F792-1B92-4041-99E0-F756EFE4C78D}.Release|x86.Build.0 = Release|Win32
	EndGlobalSection
	GlobalSection(SolutionProperties) = preSolution
		HideSolutionNode = FALSE
	EndGlobalSection
	GlobalSection(ExtensibilityGlobals) = postSolution
		SolutionGuid = {FECAAA93-B41B-4F1F-A294-190583AE5C23}
	EndGlobalSection
EndGlobal
