
Microsoft Visual Studio Solution File, Format Version 12.00
# Visual Studio Version 17
VisualStudioVersion = 17.6.33815.320
MinimumVisualStudioVersion = 10.0.40219.1
Project("{8BC9CEB8-8B4A-11D0-8D11-00A0C91BC942}") = "C++Converter", "C++Converter\C++Converter.vcxproj", "{42CD5303-0FFB-4530-8C58-266E0054C18B}"
EndProject
Project("{8BC9CEB8-8B4A-11D0-8D11-00A0C91BC942}") = "2DVoxelGame", "2DVoxelGame\2DVoxelGame.vcxproj", "{4065C072-8B05-4EF4-8CE4-2224B2169388}"
EndProject
Global
	GlobalSection(SolutionConfigurationPlatforms) = preSolution
		Debug|x64 = Debug|x64
		Debug|x86 = Debug|x86
		Release|x64 = Release|x64
		Release|x86 = Release|x86
	EndGlobalSection
	GlobalSection(ProjectConfigurationPlatforms) = postSolution
		{42CD5303-0FFB-4530-8C58-266E0054C18B}.Debug|x64.ActiveCfg = Debug|x64
		{42CD5303-0FFB-4530-8C58-266E0054C18B}.Debug|x64.Build.0 = Debug|x64
		{42CD5303-0FFB-4530-8C58-266E0054C18B}.Debug|x86.ActiveCfg = Debug|Win32
		{42CD5303-0FFB-4530-8C58-266E0054C18B}.Debug|x86.Build.0 = Debug|Win32
		{42CD5303-0FFB-4530-8C58-266E0054C18B}.Release|x64.ActiveCfg = Release|x64
		{42CD5303-0FFB-4530-8C58-266E0054C18B}.Release|x64.Build.0 = Release|x64
		{42CD5303-0FFB-4530-8C58-266E0054C18B}.Release|x86.ActiveCfg = Release|Win32
		{42CD5303-0FFB-4530-8C58-266E0054C18B}.Release|x86.Build.0 = Release|Win32
		{4065C072-8B05-4EF4-8CE4-2224B2169388}.Debug|x64.ActiveCfg = Debug|x64
		{4065C072-8B05-4EF4-8CE4-2224B2169388}.Debug|x64.Build.0 = Debug|x64
		{4065C072-8B05-4EF4-8CE4-2224B2169388}.Debug|x86.ActiveCfg = Debug|Win32
		{4065C072-8B05-4EF4-8CE4-2224B2169388}.Debug|x86.Build.0 = Debug|Win32
		{4065C072-8B05-4EF4-8CE4-2224B2169388}.Release|x64.ActiveCfg = Release|x64
		{4065C072-8B05-4EF4-8CE4-2224B2169388}.Release|x64.Build.0 = Release|x64
		{4065C072-8B05-4EF4-8CE4-2224B2169388}.Release|x86.ActiveCfg = Release|Win32
		{4065C072-8B05-4EF4-8CE4-2224B2169388}.Release|x86.Build.0 = Release|Win32
	EndGlobalSection
	GlobalSection(SolutionProperties) = preSolution
		HideSolutionNode = FALSE
	EndGlobalSection
	GlobalSection(ExtensibilityGlobals) = postSolution
		SolutionGuid = {FECAAA93-B41B-4F1F-A294-190583AE5C23}
	EndGlobalSection
EndGlobal
